PODS:
  - boost (1.76.0)
  - BVLinearGradient (2.8.2):
    - React-Core
  - DoubleConversion (1.1.6)
  - FBLazyVector (0.72.2)
  - FBReactNativeSpec (0.72.2):
    - RCT-Folly (= 2021.07.22.00)
    - RCTRequired (= 0.72.2)
    - RCTTypeSafety (= 0.72.2)
    - React-Core (= 0.72.2)
    - React-jsi (= 0.72.2)
    - ReactCommon/turbomodule/core (= 0.72.2)
  - fmt (6.2.1)
  - glog (0.3.5)
  - hermes-engine (0.72.2):
    - hermes-engine/Pre-built (= 0.72.2)
  - hermes-engine/Pre-built (0.72.2)
  - libevent (2.1.12)
  - RCT-Folly (2021.07.22.00):
    - boost
    - DoubleConversion
    - fmt (~> 6.2.1)
    - glog
    - RCT-Folly/Default (= 2021.07.22.00)
  - RCT-Folly/Default (2021.07.22.00):
    - boost
    - DoubleConversion
    - fmt (~> 6.2.1)
    - glog
  - RCT-Folly/Futures (2021.07.22.00):
    - boost
    - DoubleConversion
    - fmt (~> 6.2.1)
    - glog
    - libevent
  - RCTRequired (0.72.2)
  - RCTTypeSafety (0.72.2):
    - FBLazyVector (= 0.72.2)
    - RCTRequired (= 0.72.2)
    - React-Core (= 0.72.2)
  - React (0.72.2):
    - React-Core (= 0.72.2)
    - React-Core/DevSupport (= 0.72.2)
    - React-Core/RCTWebSocket (= 0.72.2)
    - React-RCTActionSheet (= 0.72.2)
    - React-RCTAnimation (= 0.72.2)
    - React-RCTBlob (= 0.72.2)
    - React-RCTImage (= 0.72.2)
    - React-RCTLinking (= 0.72.2)
    - React-RCTNetwork (= 0.72.2)
    - React-RCTSettings (= 0.72.2)
    - React-RCTText (= 0.72.2)
    - React-RCTVibration (= 0.72.2)
  - React-callinvoker (0.72.2)
  - React-Codegen (0.72.2):
    - DoubleConversion
    - FBReactNativeSpec
    - glog
    - hermes-engine
    - RCT-Folly
    - RCTRequired
    - RCTTypeSafety
    - React-Core
    - React-jsi
    - React-jsiexecutor
    - React-NativeModulesApple
    - React-rncore
    - ReactCommon/turbomodule/bridging
    - ReactCommon/turbomodule/core
  - React-Core (0.72.2):
    - glog
    - hermes-engine
    - RCT-Folly (= 2021.07.22.00)
    - React-Core/Default (= 0.72.2)
    - React-cxxreact
    - React-hermes
    - React-jsi
    - React-jsiexecutor
    - React-perflogger
    - React-runtimeexecutor
    - React-utils
    - SocketRocket (= 0.6.1)
    - Yoga
  - React-Core/CoreModulesHeaders (0.72.2):
    - glog
    - hermes-engine
    - RCT-Folly (= 2021.07.22.00)
    - React-Core/Default
    - React-cxxreact
    - React-hermes
    - React-jsi
    - React-jsiexecutor
    - React-perflogger
    - React-runtimeexecutor
    - React-utils
    - SocketRocket (= 0.6.1)
    - Yoga
  - React-Core/Default (0.72.2):
    - glog
    - hermes-engine
    - RCT-Folly (= 2021.07.22.00)
    - React-cxxreact
    - React-hermes
    - React-jsi
    - React-jsiexecutor
    - React-perflogger
    - React-runtimeexecutor
    - React-utils
    - SocketRocket (= 0.6.1)
    - Yoga
  - React-Core/DevSupport (0.72.2):
    - glog
    - hermes-engine
    - RCT-Folly (= 2021.07.22.00)
    - React-Core/Default (= 0.72.2)
    - React-Core/RCTWebSocket (= 0.72.2)
    - React-cxxreact
    - React-hermes
    - React-jsi
    - React-jsiexecutor
    - React-jsinspector (= 0.72.2)
    - React-perflogger
    - React-runtimeexecutor
    - React-utils
    - SocketRocket (= 0.6.1)
    - Yoga
  - React-Core/RCTActionSheetHeaders (0.72.2):
    - glog
    - hermes-engine
    - RCT-Folly (= 2021.07.22.00)
    - React-Core/Default
    - React-cxxreact
    - React-hermes
    - React-jsi
    - React-jsiexecutor
    - React-perflogger
    - React-runtimeexecutor
    - React-utils
    - SocketRocket (= 0.6.1)
    - Yoga
  - React-Core/RCTAnimationHeaders (0.72.2):
    - glog
    - hermes-engine
    - RCT-Folly (= 2021.07.22.00)
    - React-Core/Default
    - React-cxxreact
    - React-hermes
    - React-jsi
    - React-jsiexecutor
    - React-perflogger
    - React-runtimeexecutor
    - React-utils
    - SocketRocket (= 0.6.1)
    - Yoga
  - React-Core/RCTBlobHeaders (0.72.2):
    - glog
    - hermes-engine
    - RCT-Folly (= 2021.07.22.00)
    - React-Core/Default
    - React-cxxreact
    - React-hermes
    - React-jsi
    - React-jsiexecutor
    - React-perflogger
    - React-runtimeexecutor
    - React-utils
    - SocketRocket (= 0.6.1)
    - Yoga
  - React-Core/RCTImageHeaders (0.72.2):
    - glog
    - hermes-engine
    - RCT-Folly (= 2021.07.22.00)
    - React-Core/Default
    - React-cxxreact
    - React-hermes
    - React-jsi
    - React-jsiexecutor
    - React-perflogger
    - React-runtimeexecutor
    - React-utils
    - SocketRocket (= 0.6.1)
    - Yoga
  - React-Core/RCTLinkingHeaders (0.72.2):
    - glog
    - hermes-engine
    - RCT-Folly (= 2021.07.22.00)
    - React-Core/Default
    - React-cxxreact
    - React-hermes
    - React-jsi
    - React-jsiexecutor
    - React-perflogger
    - React-runtimeexecutor
    - React-utils
    - SocketRocket (= 0.6.1)
    - Yoga
  - React-Core/RCTNetworkHeaders (0.72.2):
    - glog
    - hermes-engine
    - RCT-Folly (= 2021.07.22.00)
    - React-Core/Default
    - React-cxxreact
    - React-hermes
    - React-jsi
    - React-jsiexecutor
    - React-perflogger
    - React-runtimeexecutor
    - React-utils
    - SocketRocket (= 0.6.1)
    - Yoga
  - React-Core/RCTSettingsHeaders (0.72.2):
    - glog
    - hermes-engine
    - RCT-Folly (= 2021.07.22.00)
    - React-Core/Default
    - React-cxxreact
    - React-hermes
    - React-jsi
    - React-jsiexecutor
    - React-perflogger
    - React-runtimeexecutor
    - React-utils
    - SocketRocket (= 0.6.1)
    - Yoga
  - React-Core/RCTTextHeaders (0.72.2):
    - glog
    - hermes-engine
    - RCT-Folly (= 2021.07.22.00)
    - React-Core/Default
    - React-cxxreact
    - React-hermes
    - React-jsi
    - React-jsiexecutor
    - React-perflogger
    - React-runtimeexecutor
    - React-utils
    - SocketRocket (= 0.6.1)
    - Yoga
  - React-Core/RCTVibrationHeaders (0.72.2):
    - glog
    - hermes-engine
    - RCT-Folly (= 2021.07.22.00)
    - React-Core/Default
    - React-cxxreact
    - React-hermes
    - React-jsi
    - React-jsiexecutor
    - React-perflogger
    - React-runtimeexecutor
    - React-utils
    - SocketRocket (= 0.6.1)
    - Yoga
  - React-Core/RCTWebSocket (0.72.2):
    - glog
    - hermes-engine
    - RCT-Folly (= 2021.07.22.00)
    - React-Core/Default (= 0.72.2)
    - React-cxxreact
    - React-hermes
    - React-jsi
    - React-jsiexecutor
    - React-perflogger
    - React-runtimeexecutor
    - React-utils
    - SocketRocket (= 0.6.1)
    - Yoga
  - React-CoreModules (0.72.2):
    - RCT-Folly (= 2021.07.22.00)
    - RCTTypeSafety (= 0.72.2)
    - React-Codegen (= 0.72.2)
    - React-Core/CoreModulesHeaders (= 0.72.2)
    - React-jsi (= 0.72.2)
    - React-RCTBlob
    - React-RCTImage (= 0.72.2)
    - ReactCommon/turbomodule/core (= 0.72.2)
    - SocketRocket (= 0.6.1)
  - React-cxxreact (0.72.2):
    - boost (= 1.76.0)
    - DoubleConversion
    - glog
    - hermes-engine
    - RCT-Folly (= 2021.07.22.00)
    - React-callinvoker (= 0.72.2)
    - React-debug (= 0.72.2)
    - React-jsi (= 0.72.2)
    - React-jsinspector (= 0.72.2)
    - React-logger (= 0.72.2)
    - React-perflogger (= 0.72.2)
    - React-runtimeexecutor (= 0.72.2)
  - React-debug (0.72.2)
  - React-hermes (0.72.2):
    - DoubleConversion
    - glog
    - hermes-engine
    - RCT-Folly (= 2021.07.22.00)
    - RCT-Folly/Futures (= 2021.07.22.00)
    - React-cxxreact (= 0.72.2)
    - React-jsi
    - React-jsiexecutor (= 0.72.2)
    - React-jsinspector (= 0.72.2)
    - React-perflogger (= 0.72.2)
  - React-jsi (0.72.2):
    - boost (= 1.76.0)
    - DoubleConversion
    - glog
    - hermes-engine
    - RCT-Folly (= 2021.07.22.00)
  - React-jsiexecutor (0.72.2):
    - DoubleConversion
    - glog
    - hermes-engine
    - RCT-Folly (= 2021.07.22.00)
    - React-cxxreact (= 0.72.2)
    - React-jsi (= 0.72.2)
    - React-perflogger (= 0.72.2)
  - React-jsinspector (0.72.2)
  - React-logger (0.72.2):
    - glog
  - react-native-geolocation (3.0.6):
    - React-Core
  - react-native-safe-area-context (3.3.2):
    - React-Core
  - React-NativeModulesApple (0.72.2):
    - hermes-engine
    - React-callinvoker
    - React-Core
    - React-cxxreact
    - React-jsi
    - React-runtimeexecutor
    - ReactCommon/turbomodule/bridging
    - ReactCommon/turbomodule/core
  - React-perflogger (0.72.2)
  - React-RCTActionSheet (0.72.2):
    - React-Core/RCTActionSheetHeaders (= 0.72.2)
  - React-RCTAnimation (0.72.2):
    - RCT-Folly (= 2021.07.22.00)
    - RCTTypeSafety (= 0.72.2)
    - React-Codegen (= 0.72.2)
    - React-Core/RCTAnimationHeaders (= 0.72.2)
    - React-jsi (= 0.72.2)
    - ReactCommon/turbomodule/core (= 0.72.2)
  - React-RCTAppDelegate (0.72.2):
    - RCT-Folly
    - RCTRequired
    - RCTTypeSafety
    - React-Core
    - React-CoreModules
    - React-hermes
    - React-NativeModulesApple
    - React-RCTImage
    - React-RCTNetwork
    - React-runtimescheduler
    - ReactCommon/turbomodule/core
  - React-RCTBlob (0.72.2):
    - hermes-engine
    - RCT-Folly (= 2021.07.22.00)
    - React-Codegen (= 0.72.2)
    - React-Core/RCTBlobHeaders (= 0.72.2)
    - React-Core/RCTWebSocket (= 0.72.2)
    - React-jsi (= 0.72.2)
    - React-RCTNetwork (= 0.72.2)
    - ReactCommon/turbomodule/core (= 0.72.2)
  - React-RCTImage (0.72.2):
    - RCT-Folly (= 2021.07.22.00)
    - RCTTypeSafety (= 0.72.2)
    - React-Codegen (= 0.72.2)
    - React-Core/RCTImageHeaders (= 0.72.2)
    - React-jsi (= 0.72.2)
    - React-RCTNetwork (= 0.72.2)
    - ReactCommon/turbomodule/core (= 0.72.2)
  - React-RCTLinking (0.72.2):
    - React-Codegen (= 0.72.2)
    - React-Core/RCTLinkingHeaders (= 0.72.2)
    - React-jsi (= 0.72.2)
    - ReactCommon/turbomodule/core (= 0.72.2)
  - React-RCTNetwork (0.72.2):
    - RCT-Folly (= 2021.07.22.00)
    - RCTTypeSafety (= 0.72.2)
    - React-Codegen (= 0.72.2)
    - React-Core/RCTNetworkHeaders (= 0.72.2)
    - React-jsi (= 0.72.2)
    - ReactCommon/turbomodule/core (= 0.72.2)
  - React-RCTSettings (0.72.2):
    - RCT-Folly (= 2021.07.22.00)
    - RCTTypeSafety (= 0.72.2)
    - React-Codegen (= 0.72.2)
    - React-Core/RCTSettingsHeaders (= 0.72.2)
    - React-jsi (= 0.72.2)
    - ReactCommon/turbomodule/core (= 0.72.2)
  - React-RCTText (0.72.2):
    - React-Core/RCTTextHeaders (= 0.72.2)
  - React-RCTVibration (0.72.2):
    - RCT-Folly (= 2021.07.22.00)
    - React-Codegen (= 0.72.2)
    - React-Core/RCTVibrationHeaders (= 0.72.2)
    - React-jsi (= 0.72.2)
    - ReactCommon/turbomodule/core (= 0.72.2)
  - React-rncore (0.72.2)
  - React-runtimeexecutor (0.72.2):
    - React-jsi (= 0.72.2)
  - React-runtimescheduler (0.72.2):
    - glog
    - hermes-engine
    - RCT-Folly (= 2021.07.22.00)
    - React-callinvoker
    - React-debug
    - React-jsi
    - React-runtimeexecutor
  - React-utils (0.72.2):
    - glog
    - RCT-Folly (= 2021.07.22.00)
    - React-debug
  - ReactCommon/turbomodule/bridging (0.72.2):
    - DoubleConversion
    - glog
    - hermes-engine
    - RCT-Folly (= 2021.07.22.00)
    - React-callinvoker (= 0.72.2)
    - React-cxxreact (= 0.72.2)
    - React-jsi (= 0.72.2)
    - React-logger (= 0.72.2)
    - React-perflogger (= 0.72.2)
  - ReactCommon/turbomodule/core (0.72.2):
    - DoubleConversion
    - glog
    - hermes-engine
    - RCT-Folly (= 2021.07.22.00)
    - React-callinvoker (= 0.72.2)
    - React-cxxreact (= 0.72.2)
    - React-jsi (= 0.72.2)
    - React-logger (= 0.72.2)
    - React-perflogger (= 0.72.2)
  - ReactNativeART (1.2.0):
    - React
  - RNCAsyncStorage (1.19.2):
    - React-Core
  - RNCMaskedView (0.2.9):
    - React-Core
  - RNCPicker (2.4.10):
    - React-Core
  - RNDateTimePicker (7.4.1):
    - React-Core
  - RNGestureHandler (2.12.1):
    - React-Core
  - RNScreens (3.24.0):
    - React-Core
    - React-RCTImage
  - RNSVG (12.1.1):
    - React
  - RNVectorIcons (10.0.0):
    - React-Core
  - SocketRocket (0.6.1)
  - Yoga (1.14.0)

DEPENDENCIES:
  - boost (from `../node_modules/react-native/third-party-podspecs/boost.podspec`)
  - BVLinearGradient (from `../node_modules/react-native-linear-gradient/`)
  - DoubleConversion (from `../node_modules/react-native/third-party-podspecs/DoubleConversion.podspec`)
  - FBLazyVector (from `../node_modules/react-native/Libraries/FBLazyVector`)
  - FBReactNativeSpec (from `../node_modules/react-native/React/FBReactNativeSpec`)
  - glog (from `../node_modules/react-native/third-party-podspecs/glog.podspec`)
  - hermes-engine (from `../node_modules/react-native/sdks/hermes-engine/hermes-engine.podspec`)
  - libevent (~> 2.1.12)
  - RCT-Folly (from `../node_modules/react-native/third-party-podspecs/RCT-Folly.podspec`)
  - RCTRequired (from `../node_modules/react-native/Libraries/RCTRequired`)
  - RCTTypeSafety (from `../node_modules/react-native/Libraries/TypeSafety`)
  - React (from `../node_modules/react-native/`)
  - React-callinvoker (from `../node_modules/react-native/ReactCommon/callinvoker`)
  - React-Codegen (from `build/generated/ios`)
  - React-Core (from `../node_modules/react-native/`)
  - React-Core/RCTWebSocket (from `../node_modules/react-native/`)
  - React-CoreModules (from `../node_modules/react-native/React/CoreModules`)
  - React-cxxreact (from `../node_modules/react-native/ReactCommon/cxxreact`)
  - React-debug (from `../node_modules/react-native/ReactCommon/react/debug`)
  - React-hermes (from `../node_modules/react-native/ReactCommon/hermes`)
  - React-jsi (from `../node_modules/react-native/ReactCommon/jsi`)
  - React-jsiexecutor (from `../node_modules/react-native/ReactCommon/jsiexecutor`)
  - React-jsinspector (from `../node_modules/react-native/ReactCommon/jsinspector`)
  - React-logger (from `../node_modules/react-native/ReactCommon/logger`)
  - "react-native-geolocation (from `../node_modules/@react-native-community/geolocation/`)"
  - react-native-safe-area-context (from `../node_modules/react-native-safe-area-context/`)
  - React-NativeModulesApple (from `../node_modules/react-native/ReactCommon/react/nativemodule/core/platform/ios`)
  - React-perflogger (from `../node_modules/react-native/ReactCommon/reactperflogger`)
  - React-RCTActionSheet (from `../node_modules/react-native/Libraries/ActionSheetIOS`)
  - React-RCTAnimation (from `../node_modules/react-native/Libraries/NativeAnimation`)
  - React-RCTAppDelegate (from `../node_modules/react-native/Libraries/AppDelegate`)
  - React-RCTBlob (from `../node_modules/react-native/Libraries/Blob`)
  - React-RCTImage (from `../node_modules/react-native/Libraries/Image`)
  - React-RCTLinking (from `../node_modules/react-native/Libraries/LinkingIOS`)
  - React-RCTNetwork (from `../node_modules/react-native/Libraries/Network`)
  - React-RCTSettings (from `../node_modules/react-native/Libraries/Settings`)
  - React-RCTText (from `../node_modules/react-native/Libraries/Text`)
  - React-RCTVibration (from `../node_modules/react-native/Libraries/Vibration`)
  - React-rncore (from `../node_modules/react-native/ReactCommon`)
  - React-runtimeexecutor (from `../node_modules/react-native/ReactCommon/runtimeexecutor`)
  - React-runtimescheduler (from `../node_modules/react-native/ReactCommon/react/renderer/runtimescheduler`)
  - React-utils (from `../node_modules/react-native/ReactCommon/react/utils`)
  - ReactCommon/turbomodule/core (from `../node_modules/react-native/ReactCommon`)
  - "ReactNativeART (from `../node_modules/@react-native-community/art`)"
  - "RNCAsyncStorage (from `../node_modules/@react-native-async-storage/async-storage/`)"
  - "RNCMaskedView (from `../node_modules/@react-native-masked-view/masked-view/`)"
  - "RNCPicker (from `../node_modules/@react-native-picker/picker/`)"
  - "RNDateTimePicker (from `../node_modules/@react-native-community/datetimepicker/`)"
  - RNGestureHandler (from `../node_modules/react-native-gesture-handler/`)
  - RNScreens (from `../node_modules/react-native-screens/`)
  - RNSVG (from `../node_modules/react-native-svg/`)
  - RNVectorIcons (from `../node_modules/react-native-vector-icons/`)
  - Yoga (from `../node_modules/react-native/ReactCommon/yoga`)

SPEC REPOS:
  trunk:
    - fmt
    - libevent
    - SocketRocket

EXTERNAL SOURCES:
  boost:
    :podspec: "../node_modules/react-native/third-party-podspecs/boost.podspec"
  BVLinearGradient:
    :path: "../node_modules/react-native-linear-gradient/"
  DoubleConversion:
    :podspec: "../node_modules/react-native/third-party-podspecs/DoubleConversion.podspec"
  FBLazyVector:
    :path: "../node_modules/react-native/Libraries/FBLazyVector"
  FBReactNativeSpec:
    :path: "../node_modules/react-native/React/FBReactNativeSpec"
  glog:
    :podspec: "../node_modules/react-native/third-party-podspecs/glog.podspec"
  hermes-engine:
    :podspec: "../node_modules/react-native/sdks/hermes-engine/hermes-engine.podspec"
    :tag: hermes-2023-03-20-RNv0.72.0-49794cfc7c81fb8f69fd60c3bbf85a7480cc5a77
  RCT-Folly:
    :podspec: "../node_modules/react-native/third-party-podspecs/RCT-Folly.podspec"
  RCTRequired:
    :path: "../node_modules/react-native/Libraries/RCTRequired"
  RCTTypeSafety:
    :path: "../node_modules/react-native/Libraries/TypeSafety"
  React:
    :path: "../node_modules/react-native/"
  React-callinvoker:
    :path: "../node_modules/react-native/ReactCommon/callinvoker"
  React-Codegen:
    :path: build/generated/ios
  React-Core:
    :path: "../node_modules/react-native/"
  React-CoreModules:
    :path: "../node_modules/react-native/React/CoreModules"
  React-cxxreact:
    :path: "../node_modules/react-native/ReactCommon/cxxreact"
  React-debug:
    :path: "../node_modules/react-native/ReactCommon/react/debug"
  React-hermes:
    :path: "../node_modules/react-native/ReactCommon/hermes"
  React-jsi:
    :path: "../node_modules/react-native/ReactCommon/jsi"
  React-jsiexecutor:
    :path: "../node_modules/react-native/ReactCommon/jsiexecutor"
  React-jsinspector:
    :path: "../node_modules/react-native/ReactCommon/jsinspector"
  React-logger:
    :path: "../node_modules/react-native/ReactCommon/logger"
  react-native-geolocation:
    :path: "../node_modules/@react-native-community/geolocation/"
  react-native-safe-area-context:
    :path: "../node_modules/react-native-safe-area-context/"
  React-NativeModulesApple:
    :path: "../node_modules/react-native/ReactCommon/react/nativemodule/core/platform/ios"
  React-perflogger:
    :path: "../node_modules/react-native/ReactCommon/reactperflogger"
  React-RCTActionSheet:
    :path: "../node_modules/react-native/Libraries/ActionSheetIOS"
  React-RCTAnimation:
    :path: "../node_modules/react-native/Libraries/NativeAnimation"
  React-RCTAppDelegate:
    :path: "../node_modules/react-native/Libraries/AppDelegate"
  React-RCTBlob:
    :path: "../node_modules/react-native/Libraries/Blob"
  React-RCTImage:
    :path: "../node_modules/react-native/Libraries/Image"
  React-RCTLinking:
    :path: "../node_modules/react-native/Libraries/LinkingIOS"
  React-RCTNetwork:
    :path: "../node_modules/react-native/Libraries/Network"
  React-RCTSettings:
    :path: "../node_modules/react-native/Libraries/Settings"
  React-RCTText:
    :path: "../node_modules/react-native/Libraries/Text"
  React-RCTVibration:
    :path: "../node_modules/react-native/Libraries/Vibration"
  React-rncore:
    :path: "../node_modules/react-native/ReactCommon"
  React-runtimeexecutor:
    :path: "../node_modules/react-native/ReactCommon/runtimeexecutor"
  React-runtimescheduler:
    :path: "../node_modules/react-native/ReactCommon/react/renderer/runtimescheduler"
  React-utils:
    :path: "../node_modules/react-native/ReactCommon/react/utils"
  ReactCommon:
    :path: "../node_modules/react-native/ReactCommon"
  ReactNativeART:
    :path: "../node_modules/@react-native-community/art"
  RNCAsyncStorage:
    :path: "../node_modules/@react-native-async-storage/async-storage/"
  RNCMaskedView:
    :path: "../node_modules/@react-native-masked-view/masked-view/"
  RNCPicker:
    :path: "../node_modules/@react-native-picker/picker/"
  RNDateTimePicker:
    :path: "../node_modules/@react-native-community/datetimepicker/"
  RNGestureHandler:
    :path: "../node_modules/react-native-gesture-handler/"
  RNScreens:
    :path: "../node_modules/react-native-screens/"
  RNSVG:
    :path: "../node_modules/react-native-svg/"
  RNVectorIcons:
    :path: "../node_modules/react-native-vector-icons/"
  Yoga:
    :path: "../node_modules/react-native/ReactCommon/yoga"

SPEC CHECKSUMS:
  boost: 57d2868c099736d80fcd648bf211b4431e51a558
  BVLinearGradient: 916632041121a658c704df89d99f04acb038de0f
  DoubleConversion: 5189b271737e1565bdce30deb4a08d647e3f5f54
  FBLazyVector: 565cdf5e3d0dd4b12a9c842f6a4bb5082b5aaa5b
  FBReactNativeSpec: 052fc96c48292cac6ca729d58200ac77890573ab
  fmt: ff9d55029c625d3757ed641535fd4a75fedc7ce9
  glog: 04b94705f318337d7ead9e6d17c019bd9b1f6b1b
  hermes-engine: 3f42310d66bcbc814b3771b79ad8d5a3f8df3df1
  libevent: 4049cae6c81cdb3654a443be001fb9bdceff7913
  RCT-Folly: 424b8c9a7a0b9ab2886ffe9c3b041ef628fd4fb1
  RCTRequired: 40bf5271b434eae17c4f950abde576fb25d77d3a
  RCTTypeSafety: 14400c4d956ff45c5a188e3b4f5f4daa89e3ae09
  React: e95eb5cd3194e8842654114f8dd639baa53ba995
  React-callinvoker: 8e0f64e9cc9fa15b3168bbbe7d2a9ff270ab51dd
  React-Codegen: 8e33e9089cb926ff5b34f592a26a53ee32782570
  React-Core: 6129608e7c77f8773698b20c6cca12634554260a
  React-CoreModules: 71ec00d0d243ccff3074f4284839d7714232d8dd
  React-cxxreact: 4859b005b43ca1148458f35a2eecffc8b571e30d
  React-debug: 4235614f0db4bc2ff831fa3ff58e8571da4f5520
  React-hermes: 923a854f14915777d15c786665cf0496ed8876c8
  React-jsi: 69e43d4531fe8be6c292bd1f1e5465b8142a5cca
  React-jsiexecutor: 2c53849838b096599bd04cbbf11a6b67a1781e7b
  React-jsinspector: 36bb3067723df92b7ea564a28ee61a2282a696bc
  React-logger: 48a3629a61899735cbfa9f0b8c5cd44cb1561952
  react-native-geolocation: 0f7fe8a4c2de477e278b0365cce27d089a8c5903
  react-native-safe-area-context: 584dc04881deb49474363f3be89e4ca0e854c057
  React-NativeModulesApple: 3233df38fb4a00ebfc99ba7367e77d2d762f7feb
  React-perflogger: e7006abd30efeebef143702550063ca3415e267a
  React-RCTActionSheet: 017232a203ef82e42e54b15673e26489c2797745
  React-RCTAnimation: f3e45f2e174ecf417f013429edaac271332b1691
  React-RCTAppDelegate: 2606122a4ad3282854da5d00b2b903b698460c22
  React-RCTBlob: f4540d359df7c2e9df1caf87d3f186c87044b613
  React-RCTImage: 29836ab12056b4dda384d5257cbc5804de2ba71c
  React-RCTLinking: fdf89600195b9f0525b542fbbce6db4c5d54f7f3
  React-RCTNetwork: cbc8a534a1a00c03f0986b57f9ae6ea9a5030706
  React-RCTSettings: a9a24902ac079f9299c7e8f8ba7b6a4b89f11a71
  React-RCTText: 5a3e35e9ff2f07d499662a6cefd22f4014d331e6
  React-RCTVibration: 51bb331f8069908ddaa4f05e673e59e4f91d6d43
  React-rncore: 0220cbe4f898d37b9286402d55ac6597eec164ce
  React-runtimeexecutor: b716a0ade3de6bab90b2daa4e003425bfd1c059b
  React-runtimescheduler: ad0bc7f900a76f47b932d6bd43496f62b3e2afe2
  React-utils: 913c6e18c049272fc02ae314c016e81481825b73
  ReactCommon: b654080bcdbbd9751aa5d280608491527421f40d
  ReactNativeART: 78edc68dd4a1e675338cd0cd113319cf3a65f2ab
  RNCAsyncStorage: f57e929cd7757f2cb3dd8186d123c09e8281a1ad
  RNCMaskedView: 949696f25ec596bfc697fc88e6f95cf0c79669b6
  RNCPicker: 0bc2f0a29abcca7b7ed44a2d036aac9ab6d25700
  RNDateTimePicker: 9b4091348e53f540180abdc54984d839a556f593
  RNGestureHandler: c0d04458598fcb26052494ae23dda8f8f5162b13
  RNScreens: b21dc57dfa2b710c30ec600786a3fc223b1b92e7
  RNSVG: 551acb6562324b1d52a4e0758f7ca0ec234e278f
  RNVectorIcons: 8b5bb0fa61d54cd2020af4f24a51841ce365c7e9
  SocketRocket: f32cd54efbe0f095c4d7594881e52619cfe80b17
  Yoga: c79810ea24a2a73b7f39174e78d60f4e28261f33

PODFILE CHECKSUM: 91db415d0bc0ab98e79abbba8e1bf9bd7079fa4c

COCOAPODS: 1.12.1
